
Microsoft Visual Studio Solution File, Format Version 12.00
# Visual Studio 15
VisualStudioVersion = 15.0.28307.572
MinimumVisualStudioVersion = 10.0.40219.1
Project("{FAE04EC0-301F-11D3-BF4B-00C04F79EFBC}") = "ISO8583_XXX", "ISO8583_XXX\ISO8583_XXX.csproj", "{71AF380A-8F4D-41A0-94B5-EA8FF1D34FD4}"
EndProject
Global
	GlobalSection(SolutionConfigurationPlatforms) = preSolution
		Debug|Any CPU = Debug|Any CPU
		Release|Any CPU = Release|Any CPU
	EndGlobalSection
	GlobalSection(ProjectConfigurationPlatforms) = postSolution
		{71AF380A-8F4D-41A0-94B5-EA8FF1D34FD4}.Debug|Any CPU.ActiveCfg = Debug|Any CPU
		{71AF380A-8F4D-41A0-94B5-EA8FF1D34FD4}.Debug|Any CPU.Build.0 = Debug|Any CPU
		{71AF380A-8F4D-41A0-94B5-EA8FF1D34FD4}.Release|Any CPU.ActiveCfg = Release|Any CPU
		{71AF380A-8F4D-41A0-94B5-EA8FF1D34FD4}.Release|Any CPU.Build.0 = Release|Any CPU
	EndGlobalSection
	GlobalSection(SolutionProperties) = preSolution
		HideSolutionNode = FALSE
	EndGlobalSection
	GlobalSection(ExtensibilityGlobals) = postSolution
		SolutionGuid = {E7B5B5F5-1E7D-497B-9D4E-90647236D2CE}
	EndGlobalSection
EndGlobal
